
Microsoft Visual Studio Solution File, Format Version 12.00
# Visual Studio 15
VisualStudioVersion = 15.0.27004.2009
MinimumVisualStudioVersion = 10.0.40219.1
Project("{FAE04EC0-301F-11D3-BF4B-00C04F79EFBC}") = "MadSharp", "MadSharp\MadSharp.csproj", "{00501E7C-CC0C-4AE5-85E0-5D58837D4B17}"
EndProject
Global
	GlobalSection(SolutionConfigurationPlatforms) = preSolution
		Debug (Opti)|Any CPU = Debug (Opti)|Any CPU
		Debug|Any CPU = Debug|Any CPU
		Release|Any CPU = Release|Any CPU
	EndGlobalSection
	GlobalSection(ProjectConfigurationPlatforms) = postSolution
		{00501E7C-CC0C-4AE5-85E0-5D58837D4B17}.Debug (Opti)|Any CPU.ActiveCfg = Debug|Any CPU
		{00501E7C-CC0C-4AE5-85E0-5D58837D4B17}.Debug (Opti)|Any CPU.Build.0 = Debug|Any CPU
		{00501E7C-CC0C-4AE5-85E0-5D58837D4B17}.Debug|Any CPU.ActiveCfg = Debug|Any CPU
		{00501E7C-CC0C-4AE5-85E0-5D58837D4B17}.Debug|Any CPU.Build.0 = Debug|Any CPU
		{00501E7C-CC0C-4AE5-85E0-5D58837D4B17}.Release|Any CPU.ActiveCfg = Release|Any CPU
		{00501E7C-CC0C-4AE5-85E0-5D58837D4B17}.Release|Any CPU.Build.0 = Release|Any CPU
	EndGlobalSection
	GlobalSection(SolutionProperties) = preSolution
		HideSolutionNode = FALSE
	EndGlobalSection
	GlobalSection(ExtensibilityGlobals) = postSolution
		SolutionGuid = {9E1AD375-ED86-4BF2-A6B8-83ED1C3663A9}
	EndGlobalSection
EndGlobal
