
Microsoft Visual Studio Solution File, Format Version 12.00
# Visual Studio 15
VisualStudioVersion = 15.0.27004.2009
MinimumVisualStudioVersion = 10.0.40219.1
Project("{FAE04EC0-301F-11D3-BF4B-00C04F79EFBC}") = "SharpDXMad", "SharpDXMad\SharpDXMad.csproj", "{E57B1BFA-945D-4184-B441-A20143942501}"
EndProject
Project("{FAE04EC0-301F-11D3-BF4B-00C04F79EFBC}") = "SharpDX.Samples", "SharpDX-Samples-ed7e80cdcac145cf1864c6b9358a558e5fe8deb6\Desktop\Common\SharpDX.Samples.csproj", "{93716298-9FA4-4002-AE0B-4C9F4705CCEA}"
EndProject
Global
	GlobalSection(SolutionConfigurationPlatforms) = preSolution
		Debug (Opti)|Any CPU = Debug (Opti)|Any CPU
		Debug|Any CPU = Debug|Any CPU
		Release|Any CPU = Release|Any CPU
	EndGlobalSection
	GlobalSection(ProjectConfigurationPlatforms) = postSolution
		{E57B1BFA-945D-4184-B441-A20143942501}.Debug (Opti)|Any CPU.ActiveCfg = Debug Copy|Any CPU
		{E57B1BFA-945D-4184-B441-A20143942501}.Debug (Opti)|Any CPU.Build.0 = Debug Copy|Any CPU
		{E57B1BFA-945D-4184-B441-A20143942501}.Debug|Any CPU.ActiveCfg = Debug|Any CPU
		{E57B1BFA-945D-4184-B441-A20143942501}.Debug|Any CPU.Build.0 = Debug|Any CPU
		{E57B1BFA-945D-4184-B441-A20143942501}.Release|Any CPU.ActiveCfg = Debug (Opti)|Any CPU
		{E57B1BFA-945D-4184-B441-A20143942501}.Release|Any CPU.Build.0 = Debug (Opti)|Any CPU
		{93716298-9FA4-4002-AE0B-4C9F4705CCEA}.Debug (Opti)|Any CPU.ActiveCfg = Debug|Any CPU
		{93716298-9FA4-4002-AE0B-4C9F4705CCEA}.Debug (Opti)|Any CPU.Build.0 = Debug|Any CPU
		{93716298-9FA4-4002-AE0B-4C9F4705CCEA}.Debug|Any CPU.ActiveCfg = Debug|Any CPU
		{93716298-9FA4-4002-AE0B-4C9F4705CCEA}.Debug|Any CPU.Build.0 = Debug|Any CPU
		{93716298-9FA4-4002-AE0B-4C9F4705CCEA}.Release|Any CPU.ActiveCfg = Debug (Opti)|Any CPU
		{93716298-9FA4-4002-AE0B-4C9F4705CCEA}.Release|Any CPU.Build.0 = Debug (Opti)|Any CPU
	EndGlobalSection
	GlobalSection(SolutionProperties) = preSolution
		HideSolutionNode = FALSE
	EndGlobalSection
	GlobalSection(ExtensibilityGlobals) = postSolution
		SolutionGuid = {9E1AD375-ED86-4BF2-A6B8-83ED1C3663A9}
	EndGlobalSection
EndGlobal
